// !$*UTF8*$!
{
	archiveVersion = 1;
	classes = {
	};
	objectVersion = 77;
	objects = {

/* Begin PBXBuildFile section */
		CF0099582E2A77F600C77DD2 /* ComicsFiguresApp.entitlements in Resources */ = {isa = PBXBuildFile; fileRef = CF0099572E2A77F600C77DD2 /* ComicsFiguresApp.entitlements */; };
		CF0099F12E2E0A1C00C77DD2 /* SDWebImageSwiftUI in Frameworks */ = {isa = PBXBuildFile; productRef = CF0099F02E2E0A1C00C77DD2 /* SDWebImageSwiftUI */; };
/* End PBXBuildFile section */

/* Begin PBXContainerItemProxy section */
		CF008FA22E285D1B00C77DD2 /* PBXContainerItemProxy */ = {
			isa = PBXContainerItemProxy;
			containerPortal = CF008F8B2E285D1A00C77DD2 /* Project object */;
			proxyType = 1;
			remoteGlobalIDString = CF008F922E285D1A00C77DD2;
			remoteInfo = ComicsFiguresApp;
		};
		CF008FAC2E285D1B00C77DD2 /* PBXContainerItemProxy */ = {
			isa = PBXContainerItemProxy;
			containerPortal = CF008F8B2E285D1A00C77DD2 /* Project object */;
			proxyType = 1;
			remoteGlobalIDString = CF008F922E285D1A00C77DD2;
			remoteInfo = ComicsFiguresApp;
		};
/* End PBXContainerItemProxy section */

/* Begin PBXFileReference section */
		CF008F932E285D1A00C77DD2 /* ComicsFiguresApp.app */ = {isa = PBXFileReference; explicitFileType = wrapper.application; includeInIndex = 0; path = ComicsFiguresApp.app; sourceTree = BUILT_PRODUCTS_DIR; };
		CF008FA12E285D1B00C77DD2 /* ComicsFiguresAppTests.xctest */ = {isa = PBXFileReference; explicitFileType = wrapper.cfbundle; includeInIndex = 0; path = ComicsFiguresAppTests.xctest; sourceTree = BUILT_PRODUCTS_DIR; };
		CF008FAB2E285D1B00C77DD2 /* ComicsFiguresAppUITests.xctest */ = {isa = PBXFileReference; explicitFileType = wrapper.cfbundle; includeInIndex = 0; path = ComicsFiguresAppUITests.xctest; sourceTree = BUILT_PRODUCTS_DIR; };
		CF0099572E2A77F600C77DD2 /* ComicsFiguresApp.entitlements */ = {isa = PBXFileReference; lastKnownFileType = text.plist.entitlements; path = ComicsFiguresApp.entitlements; sourceTree = "<group>"; };
/* End PBXFileReference section */

/* Begin PBXFileSystemSynchronizedRootGroup section */
		CF008F952E285D1A00C77DD2 /* ComicsFiguresApp */ = {
			isa = PBXFileSystemSynchronizedRootGroup;
			path = ComicsFiguresApp;
			sourceTree = "<group>";
		};
		CF008FA42E285D1B00C77DD2 /* ComicsFiguresAppTests */ = {
			isa = PBXFileSystemSynchronizedRootGroup;
			path = ComicsFiguresAppTests;
			sourceTree = "<group>";
		};
		CF008FAE2E285D1B00C77DD2 /* ComicsFiguresAppUITests */ = {
			isa = PBXFileSystemSynchronizedRootGroup;
			path = ComicsFiguresAppUITests;
			sourceTree = "<group>";
		};
		CF008FC82E285D7900C77DD2 /* View */ = {
			isa = PBXFileSystemSynchronizedRootGroup;
			path = View;
			sourceTree = "<group>";
		};
		CF008FC92E285D8000C77DD2 /* ViewModel */ = {
			isa = PBXFileSystemSynchronizedRootGroup;
			path = ViewModel;
			sourceTree = "<group>";
		};
		CF008FCA2E285D8B00C77DD2 /* Services */ = {
			isa = PBXFileSystemSynchronizedRootGroup;
			path = Services;
			sourceTree = "<group>";
		};
		CF008FCB2E285D9900C77DD2 /* Model */ = {
			isa = PBXFileSystemSynchronizedRootGroup;
			path = Model;
			sourceTree = "<group>";
		};
		CF0098F92E296BA300C77DD2 /* MockData */ = {
			isa = PBXFileSystemSynchronizedRootGroup;
			path = MockData;
			sourceTree = "<group>";
		};
		CF0099162E29B56F00C77DD2 /* Other */ = {
			isa = PBXFileSystemSynchronizedRootGroup;
			path = Other;
			sourceTree = "<group>";
		};
/* End PBXFileSystemSynchronizedRootGroup section */

/* Begin PBXFrameworksBuildPhase section */
		CF008F902E285D1A00C77DD2 /* Frameworks */ = {
			isa = PBXFrameworksBuildPhase;
			buildActionMask = 2147483647;
			files = (
				CF0099F12E2E0A1C00C77DD2 /* SDWebImageSwiftUI in Frameworks */,
			);
			runOnlyForDeploymentPostprocessing = 0;
		};
		CF008F9E2E285D1B00C77DD2 /* Frameworks */ = {
			isa = PBXFrameworksBuildPhase;
			buildActionMask = 2147483647;
			files = (
			);
			runOnlyForDeploymentPostprocessing = 0;
		};
		CF008FA82E285D1B00C77DD2 /* Frameworks */ = {
			isa = PBXFrameworksBuildPhase;
			buildActionMask = 2147483647;
			files = (
			);
			runOnlyForDeploymentPostprocessing = 0;
		};
/* End PBXFrameworksBuildPhase section */

/* Begin PBXGroup section */
		CF008F8A2E285D1A00C77DD2 = {
			isa = PBXGroup;
			children = (
				CF0099572E2A77F600C77DD2 /* ComicsFiguresApp.entitlements */,
				CF0099162E29B56F00C77DD2 /* Other */,
				CF0098F92E296BA300C77DD2 /* MockData */,
				CF008FCB2E285D9900C77DD2 /* Model */,
				CF008FCA2E285D8B00C77DD2 /* Services */,
				CF008FC92E285D8000C77DD2 /* ViewModel */,
				CF008FC82E285D7900C77DD2 /* View */,
				CF008F952E285D1A00C77DD2 /* ComicsFiguresApp */,
				CF008FA42E285D1B00C77DD2 /* ComicsFiguresAppTests */,
				CF008FAE2E285D1B00C77DD2 /* ComicsFiguresAppUITests */,
				CF0099EF2E2E09F900C77DD2 /* Frameworks */,
				CF008F942E285D1A00C77DD2 /* Products */,
			);
			sourceTree = "<group>";
		};
		CF008F942E285D1A00C77DD2 /* Products */ = {
			isa = PBXGroup;
			children = (
				CF008F932E285D1A00C77DD2 /* ComicsFiguresApp.app */,
				CF008FA12E285D1B00C77DD2 /* ComicsFiguresAppTests.xctest */,
				CF008FAB2E285D1B00C77DD2 /* ComicsFiguresAppUITests.xctest */,
			);
			name = Products;
			sourceTree = "<group>";
		};
		CF0099EF2E2E09F900C77DD2 /* Frameworks */ = {
			isa = PBXGroup;
			children = (
			);
			name = Frameworks;
			sourceTree = "<group>";
		};
/* End PBXGroup section */

/* Begin PBXNativeTarget section */
		CF008F922E285D1A00C77DD2 /* ComicsFiguresApp */ = {
			isa = PBXNativeTarget;
			buildConfigurationList = CF008FB52E285D1B00C77DD2 /* Build configuration list for PBXNativeTarget "ComicsFiguresApp" */;
			buildPhases = (
				CF008F8F2E285D1A00C77DD2 /* Sources */,
				CF008F902E285D1A00C77DD2 /* Frameworks */,
				CF008F912E285D1A00C77DD2 /* Resources */,
			);
			buildRules = (
			);
			dependencies = (
			);
			fileSystemSynchronizedGroups = (
				CF008F952E285D1A00C77DD2 /* ComicsFiguresApp */,
				CF008FC82E285D7900C77DD2 /* View */,
				CF008FC92E285D8000C77DD2 /* ViewModel */,
				CF008FCA2E285D8B00C77DD2 /* Services */,
				CF008FCB2E285D9900C77DD2 /* Model */,
				CF0098F92E296BA300C77DD2 /* MockData */,
				CF0099162E29B56F00C77DD2 /* Other */,
			);
			name = ComicsFiguresApp;
			packageProductDependencies = (
				CF0099F02E2E0A1C00C77DD2 /* SDWebImageSwiftUI */,
			);
			productName = ComicsFiguresApp;
			productReference = CF008F932E285D1A00C77DD2 /* ComicsFiguresApp.app */;
			productType = "com.apple.product-type.application";
		};
		CF008FA02E285D1B00C77DD2 /* ComicsFiguresAppTests */ = {
			isa = PBXNativeTarget;
			buildConfigurationList = CF008FB82E285D1B00C77DD2 /* Build configuration list for PBXNativeTarget "ComicsFiguresAppTests" */;
			buildPhases = (
				CF008F9D2E285D1B00C77DD2 /* Sources */,
				CF008F9E2E285D1B00C77DD2 /* Frameworks */,
				CF008F9F2E285D1B00C77DD2 /* Resources */,
			);
			buildRules = (
			);
			dependencies = (
				CF008FA32E285D1B00C77DD2 /* PBXTargetDependency */,
			);
			fileSystemSynchronizedGroups = (
				CF008FA42E285D1B00C77DD2 /* ComicsFiguresAppTests */,
			);
			name = ComicsFiguresAppTests;
			packageProductDependencies = (
			);
			productName = ComicsFiguresAppTests;
			productReference = CF008FA12E285D1B00C77DD2 /* ComicsFiguresAppTests.xctest */;
			productType = "com.apple.product-type.bundle.unit-test";
		};
		CF008FAA2E285D1B00C77DD2 /* ComicsFiguresAppUITests */ = {
			isa = PBXNativeTarget;
			buildConfigurationList = CF008FBB2E285D1B00C77DD2 /* Build configuration list for PBXNativeTarget "ComicsFiguresAppUITests" */;
			buildPhases = (
				CF008FA72E285D1B00C77DD2 /* Sources */,
				CF008FA82E285D1B00C77DD2 /* Frameworks */,
				CF008FA92E285D1B00C77DD2 /* Resources */,
			);
			buildRules = (
			);
			dependencies = (
				CF008FAD2E285D1B00C77DD2 /* PBXTargetDependency */,
			);
			fileSystemSynchronizedGroups = (
				CF008FAE2E285D1B00C77DD2 /* ComicsFiguresAppUITests */,
			);
			name = ComicsFiguresAppUITests;
			packageProductDependencies = (
			);
			productName = ComicsFiguresAppUITests;
			productReference = CF008FAB2E285D1B00C77DD2 /* ComicsFiguresAppUITests.xctest */;
			productType = "com.apple.product-type.bundle.ui-testing";
		};
/* End PBXNativeTarget section */

/* Begin PBXProject section */
		CF008F8B2E285D1A00C77DD2 /* Project object */ = {
			isa = PBXProject;
			attributes = {
				BuildIndependentTargetsInParallel = 1;
				LastSwiftUpdateCheck = 1640;
				LastUpgradeCheck = 1640;
				TargetAttributes = {
					CF008F922E285D1A00C77DD2 = {
						CreatedOnToolsVersion = 16.4;
					};
					CF008FA02E285D1B00C77DD2 = {
						CreatedOnToolsVersion = 16.4;
						TestTargetID = CF008F922E285D1A00C77DD2;
					};
					CF008FAA2E285D1B00C77DD2 = {
						CreatedOnToolsVersion = 16.4;
						TestTargetID = CF008F922E285D1A00C77DD2;
					};
				};
			};
			buildConfigurationList = CF008F8E2E285D1A00C77DD2 /* Build configuration list for PBXProject "ComicsFiguresApp" */;
			developmentRegion = en;
			hasScannedForEncodings = 0;
			knownRegions = (
				en,
				Base,
			);
			mainGroup = CF008F8A2E285D1A00C77DD2;
			minimizedProjectReferenceProxies = 1;
			packageReferences = (
				CF0099EE2E2E08E200C77DD2 /* XCRemoteSwiftPackageReference "SDWebImageSwiftUI" */,
			);
			preferredProjectObjectVersion = 77;
			productRefGroup = CF008F942E285D1A00C77DD2 /* Products */;
			projectDirPath = "";
			projectRoot = "";
			targets = (
				CF008F922E285D1A00C77DD2 /* ComicsFiguresApp */,
				CF008FA02E285D1B00C77DD2 /* ComicsFiguresAppTests */,
				CF008FAA2E285D1B00C77DD2 /* ComicsFiguresAppUITests */,
			);
		};
/* End PBXProject section */

/* Begin PBXResourcesBuildPhase section */
		CF008F912E285D1A00C77DD2 /* Resources */ = {
			isa = PBXResourcesBuildPhase;
			buildActionMask = 2147483647;
			files = (
				CF0099582E2A77F600C77DD2 /* ComicsFiguresApp.entitlements in Resources */,
			);
			runOnlyForDeploymentPostprocessing = 0;
		};
		CF008F9F2E285D1B00C77DD2 /* Resources */ = {
			isa = PBXResourcesBuildPhase;
			buildActionMask = 2147483647;
			files = (
			);
			runOnlyForDeploymentPostprocessing = 0;
		};
		CF008FA92E285D1B00C77DD2 /* Resources */ = {
			isa = PBXResourcesBuildPhase;
			buildActionMask = 2147483647;
			files = (
			);
			runOnlyForDeploymentPostprocessing = 0;
		};
/* End PBXResourcesBuildPhase section */

/* Begin PBXSourcesBuildPhase section */
		CF008F8F2E285D1A00C77DD2 /* Sources */ = {
			isa = PBXSourcesBuildPhase;
			buildActionMask = 2147483647;
			files = (
			);
			runOnlyForDeploymentPostprocessing = 0;
		};
		CF008F9D2E285D1B00C77DD2 /* Sources */ = {
			isa = PBXSourcesBuildPhase;
			buildActionMask = 2147483647;
			files = (
			);
			runOnlyForDeploymentPostprocessing = 0;
		};
		CF008FA72E285D1B00C77DD2 /* Sources */ = {
			isa = PBXSourcesBuildPhase;
			buildActionMask = 2147483647;
			files = (
			);
			runOnlyForDeploymentPostprocessing = 0;
		};
/* End PBXSourcesBuildPhase section */

/* Begin PBXTargetDependency section */
		CF008FA32E285D1B00C77DD2 /* PBXTargetDependency */ = {
			isa = PBXTargetDependency;
			target = CF008F922E285D1A00C77DD2 /* ComicsFiguresApp */;
			targetProxy = CF008FA22E285D1B00C77DD2 /* PBXContainerItemProxy */;
		};
		CF008FAD2E285D1B00C77DD2 /* PBXTargetDependency */ = {
			isa = PBXTargetDependency;
			target = CF008F922E285D1A00C77DD2 /* ComicsFiguresApp */;
			targetProxy = CF008FAC2E285D1B00C77DD2 /* PBXContainerItemProxy */;
		};
/* End PBXTargetDependency section */

/* Begin XCBuildConfiguration section */
		CF008FB32E285D1B00C77DD2 /* Debug */ = {
			isa = XCBuildConfiguration;
			buildSettings = {
				ALWAYS_SEARCH_USER_PATHS = NO;
				ASSETCATALOG_COMPILER_GENERATE_SWIFT_ASSET_SYMBOL_EXTENSIONS = YES;
				CLANG_ANALYZER_NONNULL = YES;
				CLANG_ANALYZER_NUMBER_OBJECT_CONVERSION = YES_AGGRESSIVE;
				CLANG_CXX_LANGUAGE_STANDARD = "gnu++20";
				CLANG_ENABLE_MODULES = YES;
				CLANG_ENABLE_OBJC_ARC = YES;
				CLANG_ENABLE_OBJC_WEAK = YES;
				CLANG_WARN_BLOCK_CAPTURE_AUTORELEASING = YES;
				CLANG_WARN_BOOL_CONVERSION = YES;
				CLANG_WARN_COMMA = YES;
				CLANG_WARN_CONSTANT_CONVERSION = YES;
				CLANG_WARN_DEPRECATED_OBJC_IMPLEMENTATIONS = YES;
				CLANG_WARN_DIRECT_OBJC_ISA_USAGE = YES_ERROR;
				CLANG_WARN_DOCUMENTATION_COMMENTS = YES;
				CLANG_WARN_EMPTY_BODY = YES;
				CLANG_WARN_ENUM_CONVERSION = YES;
				CLANG_WARN_INFINITE_RECURSION = YES;
				CLANG_WARN_INT_CONVERSION = YES;
				CLANG_WARN_NON_LITERAL_NULL_CONVERSION = YES;
				CLANG_WARN_OBJC_IMPLICIT_RETAIN_SELF = YES;
				CLANG_WARN_OBJC_LITERAL_CONVERSION = YES;
				CLANG_WARN_OBJC_ROOT_CLASS = YES_ERROR;
				CLANG_WARN_QUOTED_INCLUDE_IN_FRAMEWORK_HEADER = YES;
				CLANG_WARN_RANGE_LOOP_ANALYSIS = YES;
				CLANG_WARN_STRICT_PROTOTYPES = YES;
				CLANG_WARN_SUSPICIOUS_MOVE = YES;
				CLANG_WARN_UNGUARDED_AVAILABILITY = YES_AGGRESSIVE;
				CLANG_WARN_UNREACHABLE_CODE = YES;
				CLANG_WARN__DUPLICATE_METHOD_MATCH = YES;
				COPY_PHASE_STRIP = NO;
				DEBUG_INFORMATION_FORMAT = dwarf;
				ENABLE_STRICT_OBJC_MSGSEND = YES;
				ENABLE_TESTABILITY = YES;
				ENABLE_USER_SCRIPT_SANDBOXING = YES;
				GCC_C_LANGUAGE_STANDARD = gnu17;
				GCC_DYNAMIC_NO_PIC = NO;
				GCC_NO_COMMON_BLOCKS = YES;
				GCC_OPTIMIZATION_LEVEL = 0;
				GCC_PREPROCESSOR_DEFINITIONS = (
					"DEBUG=1",
					"$(inherited)",
				);
				GCC_WARN_64_TO_32_BIT_CONVERSION = YES;
				GCC_WARN_ABOUT_RETURN_TYPE = YES_ERROR;
				GCC_WARN_UNDECLARED_SELECTOR = YES;
				GCC_WARN_UNINITIALIZED_AUTOS = YES_AGGRESSIVE;
				GCC_WARN_UNUSED_FUNCTION = YES;
				GCC_WARN_UNUSED_VARIABLE = YES;
				LOCALIZATION_PREFERS_STRING_CATALOGS = YES;
				MTL_ENABLE_DEBUG_INFO = INCLUDE_SOURCE;
				MTL_FAST_MATH = YES;
				ONLY_ACTIVE_ARCH = YES;
				SWIFT_ACTIVE_COMPILATION_CONDITIONS = "DEBUG $(inherited)";
				SWIFT_OPTIMIZATION_LEVEL = "-Onone";
			};
			name = Debug;
		};
		CF008FB42E285D1B00C77DD2 /* Release */ = {
			isa = XCBuildConfiguration;
			buildSettings = {
				ALWAYS_SEARCH_USER_PATHS = NO;
				ASSETCATALOG_COMPILER_GENERATE_SWIFT_ASSET_SYMBOL_EXTENSIONS = YES;
				CLANG_ANALYZER_NONNULL = YES;
				CLANG_ANALYZER_NUMBER_OBJECT_CONVERSION = YES_AGGRESSIVE;
				CLANG_CXX_LANGUAGE_STANDARD = "gnu++20";
				CLANG_ENABLE_MODULES = YES;
				CLANG_ENABLE_OBJC_ARC = YES;
				CLANG_ENABLE_OBJC_WEAK = YES;
				CLANG_WARN_BLOCK_CAPTURE_AUTORELEASING = YES;
				CLANG_WARN_BOOL_CONVERSION = YES;
				CLANG_WARN_COMMA = YES;
				CLANG_WARN_CONSTANT_CONVERSION = YES;
				CLANG_WARN_DEPRECATED_OBJC_IMPLEMENTATIONS = YES;
				CLANG_WARN_DIRECT_OBJC_ISA_USAGE = YES_ERROR;
				CLANG_WARN_DOCUMENTATION_COMMENTS = YES;
				CLANG_WARN_EMPTY_BODY = YES;
				CLANG_WARN_ENUM_CONVERSION = YES;
				CLANG_WARN_INFINITE_RECURSION = YES;
				CLANG_WARN_INT_CONVERSION = YES;
				CLANG_WARN_NON_LITERAL_NULL_CONVERSION = YES;
				CLANG_WARN_OBJC_IMPLICIT_RETAIN_SELF = YES;
				CLANG_WARN_OBJC_LITERAL_CONVERSION = YES;
				CLANG_WARN_OBJC_ROOT_CLASS = YES_ERROR;
				CLANG_WARN_QUOTED_INCLUDE_IN_FRAMEWORK_HEADER = YES;
				CLANG_WARN_RANGE_LOOP_ANALYSIS = YES;
				CLANG_WARN_STRICT_PROTOTYPES = YES;
				CLANG_WARN_SUSPICIOUS_MOVE = YES;
				CLANG_WARN_UNGUARDED_AVAILABILITY = YES_AGGRESSIVE;
				CLANG_WARN_UNREACHABLE_CODE = YES;
				CLANG_WARN__DUPLICATE_METHOD_MATCH = YES;
				COPY_PHASE_STRIP = NO;
				DEBUG_INFORMATION_FORMAT = "dwarf-with-dsym";
				ENABLE_NS_ASSERTIONS = NO;
				ENABLE_STRICT_OBJC_MSGSEND = YES;
				ENABLE_USER_SCRIPT_SANDBOXING = YES;
				GCC_C_LANGUAGE_STANDARD = gnu17;
				GCC_NO_COMMON_BLOCKS = YES;
				GCC_WARN_64_TO_32_BIT_CONVERSION = YES;
				GCC_WARN_ABOUT_RETURN_TYPE = YES_ERROR;
				GCC_WARN_UNDECLARED_SELECTOR = YES;
				GCC_WARN_UNINITIALIZED_AUTOS = YES_AGGRESSIVE;
				GCC_WARN_UNUSED_FUNCTION = YES;
				GCC_WARN_UNUSED_VARIABLE = YES;
				LOCALIZATION_PREFERS_STRING_CATALOGS = YES;
				MTL_ENABLE_DEBUG_INFO = NO;
				MTL_FAST_MATH = YES;
				SWIFT_COMPILATION_MODE = wholemodule;
			};
			name = Release;
		};
		CF008FB62E285D1B00C77DD2 /* Debug */ = {
			isa = XCBuildConfiguration;
			buildSettings = {
				ASSETCATALOG_COMPILER_APPICON_NAME = AppIcon;
				ASSETCATALOG_COMPILER_GLOBAL_ACCENT_COLOR_NAME = AccentColor;
				CODE_SIGN_ENTITLEMENTS = ComicsFiguresApp/ComicsFiguresApp.entitlements;
				CODE_SIGN_STYLE = Automatic;
				CURRENT_PROJECT_VERSION = 1;
				ENABLE_PREVIEWS = YES;
				GENERATE_INFOPLIST_FILE = YES;
				"INFOPLIST_KEY_UIApplicationSceneManifest_Generation[sdk=iphoneos*]" = YES;
				"INFOPLIST_KEY_UIApplicationSceneManifest_Generation[sdk=iphonesimulator*]" = YES;
				"INFOPLIST_KEY_UIApplicationSupportsIndirectInputEvents[sdk=iphoneos*]" = YES;
				"INFOPLIST_KEY_UIApplicationSupportsIndirectInputEvents[sdk=iphonesimulator*]" = YES;
				"INFOPLIST_KEY_UILaunchScreen_Generation[sdk=iphoneos*]" = YES;
				"INFOPLIST_KEY_UILaunchScreen_Generation[sdk=iphonesimulator*]" = YES;
				"INFOPLIST_KEY_UIStatusBarStyle[sdk=iphoneos*]" = UIStatusBarStyleDefault;
				"INFOPLIST_KEY_UIStatusBarStyle[sdk=iphonesimulator*]" = UIStatusBarStyleDefault;
				INFOPLIST_KEY_UISupportedInterfaceOrientations_iPad = "UIInterfaceOrientationPortrait UIInterfaceOrientationPortraitUpsideDown UIInterfaceOrientationLandscapeLeft UIInterfaceOrientationLandscapeRight";
				INFOPLIST_KEY_UISupportedInterfaceOrientations_iPhone = "UIInterfaceOrientationPortrait UIInterfaceOrientationLandscapeLeft UIInterfaceOrientationLandscapeRight";
				IPHONEOS_DEPLOYMENT_TARGET = 18.5;
				LD_RUNPATH_SEARCH_PATHS = "@executable_path/Frameworks";
				"LD_RUNPATH_SEARCH_PATHS[sdk=macosx*]" = "@executable_path/../Frameworks";
				MACOSX_DEPLOYMENT_TARGET = 15.5;
				MARKETING_VERSION = 1.0;
				PRODUCT_BUNDLE_IDENTIFIER = com.jordi.ComicsFiguresApp;
				PRODUCT_NAME = "$(TARGET_NAME)";
				REGISTER_APP_GROUPS = YES;
				SDKROOT = auto;
				SUPPORTED_PLATFORMS = "iphoneos iphonesimulator macosx xros xrsimulator";
				SWIFT_EMIT_LOC_STRINGS = YES;
				SWIFT_VERSION = 5.0;
				TARGETED_DEVICE_FAMILY = "1,2,7";
				XROS_DEPLOYMENT_TARGET = 2.5;
			};
			name = Debug;
		};
		CF008FB72E285D1B00C77DD2 /* Release */ = {
			isa = XCBuildConfiguration;
			buildSettings = {
				ASSETCATALOG_COMPILER_APPICON_NAME = AppIcon;
				ASSETCATALOG_COMPILER_GLOBAL_ACCENT_COLOR_NAME = AccentColor;
				CODE_SIGN_ENTITLEMENTS = ComicsFiguresApp/ComicsFiguresApp.entitlements;
				CODE_SIGN_STYLE = Automatic;
				CURRENT_PROJECT_VERSION = 1;
				ENABLE_PREVIEWS = YES;
				GENERATE_INFOPLIST_FILE = YES;
				"INFOPLIST_KEY_UIApplicationSceneManifest_Generation[sdk=iphoneos*]" = YES;
				"INFOPLIST_KEY_UIApplicationSceneManifest_Generation[sdk=iphonesimulator*]" = YES;
				"INFOPLIST_KEY_UIApplicationSupportsIndirectInputEvents[sdk=iphoneos*]" = YES;
				"INFOPLIST_KEY_UIApplicationSupportsIndirectInputEvents[sdk=iphonesimulator*]" = YES;
				"INFOPLIST_KEY_UILaunchScreen_Generation[sdk=iphoneos*]" = YES;
				"INFOPLIST_KEY_UILaunchScreen_Generation[sdk=iphonesimulator*]" = YES;
				"INFOPLIST_KEY_UIStatusBarStyle[sdk=iphoneos*]" = UIStatusBarStyleDefault;
				"INFOPLIST_KEY_UIStatusBarStyle[sdk=iphonesimulator*]" = UIStatusBarStyleDefault;
				INFOPLIST_KEY_UISupportedInterfaceOrientations_iPad = "UIInterfaceOrientationPortrait UIInterfaceOrientationPortraitUpsideDown UIInterfaceOrientationLandscapeLeft UIInterfaceOrientationLandscapeRight";
				INFOPLIST_KEY_UISupportedInterfaceOrientations_iPhone = "UIInterfaceOrientationPortrait UIInterfaceOrientationLandscapeLeft UIInterfaceOrientationLandscapeRight";
				IPHONEOS_DEPLOYMENT_TARGET = 18.5;
				LD_RUNPATH_SEARCH_PATHS = "@executable_path/Frameworks";
				"LD_RUNPATH_SEARCH_PATHS[sdk=macosx*]" = "@executable_path/../Frameworks";
				MACOSX_DEPLOYMENT_TARGET = 15.5;
				MARKETING_VERSION = 1.0;
				PRODUCT_BUNDLE_IDENTIFIER = com.jordi.ComicsFiguresApp;
				PRODUCT_NAME = "$(TARGET_NAME)";
				REGISTER_APP_GROUPS = YES;
				SDKROOT = auto;
				SUPPORTED_PLATFORMS = "iphoneos iphonesimulator macosx xros xrsimulator";
				SWIFT_EMIT_LOC_STRINGS = YES;
				SWIFT_VERSION = 5.0;
				TARGETED_DEVICE_FAMILY = "1,2,7";
				XROS_DEPLOYMENT_TARGET = 2.5;
			};
			name = Release;
		};
		CF008FB92E285D1B00C77DD2 /* Debug */ = {
			isa = XCBuildConfiguration;
			buildSettings = {
				BUNDLE_LOADER = "$(TEST_HOST)";
				CODE_SIGN_STYLE = Automatic;
				CURRENT_PROJECT_VERSION = 1;
				GENERATE_INFOPLIST_FILE = YES;
				IPHONEOS_DEPLOYMENT_TARGET = 18.5;
				MACOSX_DEPLOYMENT_TARGET = 15.5;
				MARKETING_VERSION = 1.0;
				PRODUCT_BUNDLE_IDENTIFIER = com.jordi.ComicsFiguresAppTests;
				PRODUCT_NAME = "$(TARGET_NAME)";
				SDKROOT = auto;
				SUPPORTED_PLATFORMS = "iphoneos iphonesimulator macosx xros xrsimulator";
				SWIFT_EMIT_LOC_STRINGS = NO;
				SWIFT_VERSION = 5.0;
				TARGETED_DEVICE_FAMILY = "1,2,7";
				TEST_HOST = "$(BUILT_PRODUCTS_DIR)/ComicsFiguresApp.app/$(BUNDLE_EXECUTABLE_FOLDER_PATH)/ComicsFiguresApp";
				XROS_DEPLOYMENT_TARGET = 2.5;
			};
			name = Debug;
		};
		CF008FBA2E285D1B00C77DD2 /* Release */ = {
			isa = XCBuildConfiguration;
			buildSettings = {
				BUNDLE_LOADER = "$(TEST_HOST)";
				CODE_SIGN_STYLE = Automatic;
				CURRENT_PROJECT_VERSION = 1;
				GENERATE_INFOPLIST_FILE = YES;
				IPHONEOS_DEPLOYMENT_TARGET = 18.5;
				MACOSX_DEPLOYMENT_TARGET = 15.5;
				MARKETING_VERSION = 1.0;
				PRODUCT_BUNDLE_IDENTIFIER = com.jordi.ComicsFiguresAppTests;
				PRODUCT_NAME = "$(TARGET_NAME)";
				SDKROOT = auto;
				SUPPORTED_PLATFORMS = "iphoneos iphonesimulator macosx xros xrsimulator";
				SWIFT_EMIT_LOC_STRINGS = NO;
				SWIFT_VERSION = 5.0;
				TARGETED_DEVICE_FAMILY = "1,2,7";
				TEST_HOST = "$(BUILT_PRODUCTS_DIR)/ComicsFiguresApp.app/$(BUNDLE_EXECUTABLE_FOLDER_PATH)/ComicsFiguresApp";
				XROS_DEPLOYMENT_TARGET = 2.5;
			};
			name = Release;
		};
		CF008FBC2E285D1B00C77DD2 /* Debug */ = {
			isa = XCBuildConfiguration;
			buildSettings = {
				CODE_SIGN_STYLE = Automatic;
				CURRENT_PROJECT_VERSION = 1;
				GENERATE_INFOPLIST_FILE = YES;
				IPHONEOS_DEPLOYMENT_TARGET = 18.5;
				MACOSX_DEPLOYMENT_TARGET = 15.5;
				MARKETING_VERSION = 1.0;
				PRODUCT_BUNDLE_IDENTIFIER = com.jordi.ComicsFiguresAppUITests;
				PRODUCT_NAME = "$(TARGET_NAME)";
				SDKROOT = auto;
				SUPPORTED_PLATFORMS = "iphoneos iphonesimulator macosx xros xrsimulator";
				SWIFT_EMIT_LOC_STRINGS = NO;
				SWIFT_VERSION = 5.0;
				TARGETED_DEVICE_FAMILY = "1,2,7";
				TEST_TARGET_NAME = ComicsFiguresApp;
				XROS_DEPLOYMENT_TARGET = 2.5;
			};
			name = Debug;
		};
		CF008FBD2E285D1B00C77DD2 /* Release */ = {
			isa = XCBuildConfiguration;
			buildSettings = {
				CODE_SIGN_STYLE = Automatic;
				CURRENT_PROJECT_VERSION = 1;
				GENERATE_INFOPLIST_FILE = YES;
				IPHONEOS_DEPLOYMENT_TARGET = 18.5;
				MACOSX_DEPLOYMENT_TARGET = 15.5;
				MARKETING_VERSION = 1.0;
				PRODUCT_BUNDLE_IDENTIFIER = com.jordi.ComicsFiguresAppUITests;
				PRODUCT_NAME = "$(TARGET_NAME)";
				SDKROOT = auto;
				SUPPORTED_PLATFORMS = "iphoneos iphonesimulator macosx xros xrsimulator";
				SWIFT_EMIT_LOC_STRINGS = NO;
				SWIFT_VERSION = 5.0;
				TARGETED_DEVICE_FAMILY = "1,2,7";
				TEST_TARGET_NAME = ComicsFiguresApp;
				XROS_DEPLOYMENT_TARGET = 2.5;
			};
			name = Release;
		};
/* End XCBuildConfiguration section */

/* Begin XCConfigurationList section */
		CF008F8E2E285D1A00C77DD2 /* Build configuration list for PBXProject "ComicsFiguresApp" */ = {
			isa = XCConfigurationList;
			buildConfigurations = (
				CF008FB32E285D1B00C77DD2 /* Debug */,
				CF008FB42E285D1B00C77DD2 /* Release */,
			);
			defaultConfigurationIsVisible = 0;
			defaultConfigurationName = Release;
		};
		CF008FB52E285D1B00C77DD2 /* Build configuration list for PBXNativeTarget "ComicsFiguresApp" */ = {
			isa = XCConfigurationList;
			buildConfigurations = (
				CF008FB62E285D1B00C77DD2 /* Debug */,
				CF008FB72E285D1B00C77DD2 /* Release */,
			);
			defaultConfigurationIsVisible = 0;
			defaultConfigurationName = Release;
		};
		CF008FB82E285D1B00C77DD2 /* Build configuration list for PBXNativeTarget "ComicsFiguresAppTests" */ = {
			isa = XCConfigurationList;
			buildConfigurations = (
				CF008FB92E285D1B00C77DD2 /* Debug */,
				CF008FBA2E285D1B00C77DD2 /* Release */,
			);
			defaultConfigurationIsVisible = 0;
			defaultConfigurationName = Release;
		};
		CF008FBB2E285D1B00C77DD2 /* Build configuration list for PBXNativeTarget "ComicsFiguresAppUITests" */ = {
			isa = XCConfigurationList;
			buildConfigurations = (
				CF008FBC2E285D1B00C77DD2 /* Debug */,
				CF008FBD2E285D1B00C77DD2 /* Release */,
			);
			defaultConfigurationIsVisible = 0;
			defaultConfigurationName = Release;
		};
/* End XCConfigurationList section */

/* Begin XCRemoteSwiftPackageReference section */
		CF0099EE2E2E08E200C77DD2 /* XCRemoteSwiftPackageReference "SDWebImageSwiftUI" */ = {
			isa = XCRemoteSwiftPackageReference;
			repositoryURL = "https://github.com/SDWebImage/SDWebImageSwiftUI";
			requirement = {
				kind = upToNextMajorVersion;
				minimumVersion = 3.1.3;
			};
		};
/* End XCRemoteSwiftPackageReference section */

/* Begin XCSwiftPackageProductDependency section */
		CF0099F02E2E0A1C00C77DD2 /* SDWebImageSwiftUI */ = {
			isa = XCSwiftPackageProductDependency;
			package = CF0099EE2E2E08E200C77DD2 /* XCRemoteSwiftPackageReference "SDWebImageSwiftUI" */;
			productName = SDWebImageSwiftUI;
		};
/* End XCSwiftPackageProductDependency section */
	};
	rootObject = CF008F8B2E285D1A00C77DD2 /* Project object */;
}
